{
  "version": "5",
  "specifiers": {
    "jsr:@std/assert@^1.0.14": "1.0.15",
    "jsr:@std/cli@^1.0.23": "1.0.23",
    "jsr:@std/dotenv@0.225.5": "0.225.5",
    "jsr:@std/expect@^1.0.17": "1.0.17",
    "jsr:@std/internal@^1.0.10": "1.0.12",
    "jsr:@std/internal@^1.0.12": "1.0.12",
    "npm:@atcute/atproto@^3.1.4": "3.1.4",
    "npm:@atcute/client@^4.0.3": "4.0.3",
    "npm:@atcute/lexicons@^1.1.1": "1.1.1",
    "npm:@types/node@*": "24.2.0"
  },
  "jsr": {
    "@std/assert@1.0.15": {
      "integrity": "d64018e951dbdfab9777335ecdb000c0b4e3df036984083be219ce5941e4703b",
      "dependencies": [
        "jsr:@std/internal@^1.0.12"
      ]
    },
    "@std/cli@1.0.23": {
      "integrity": "bf95b7a9425ba2af1ae5a6359daf58c508f2decf711a76ed2993cd352498ccca",
      "dependencies": [
        "jsr:@std/internal@^1.0.12"
      ]
    },
    "@std/dotenv@0.225.5": {
      "integrity": "9ce6f9d0ec3311f74a32535aa1b8c62ed88b1ab91b7f0815797d77a6f60c922f"
    },
    "@std/expect@1.0.17": {
      "integrity": "316b47dd65c33e3151344eb3267bf42efba17d1415425f07ed96185d67fc04d9",
      "dependencies": [
        "jsr:@std/assert",
        "jsr:@std/internal@^1.0.10"
      ]
    },
    "@std/internal@1.0.12": {
      "integrity": "972a634fd5bc34b242024402972cd5143eac68d8dffaca5eaa4dba30ce17b027"
    }
  },
  "npm": {
    "@atcute/atproto@3.1.4": {
      "integrity": "sha512-v0/ue7mZYtjYw4vWbtda51bLwW88mqsUQB8F/UZNO18ANAQWmKq1HDceVqjvruaLe2QPqE43XM3WkEyZ2FhOrA==",
      "dependencies": [
        "@atcute/lexicons"
      ]
    },
    "@atcute/client@4.0.3": {
      "integrity": "sha512-RIOZWFVLca/HiPAAUDqQPOdOreCxTbL5cb+WUf5yqQOKIu5yEAP3eksinmlLmgIrlr5qVOE7brazUUzaskFCfw==",
      "dependencies": [
        "@atcute/identity",
        "@atcute/lexicons"
      ]
    },
    "@atcute/identity@1.1.0": {
      "integrity": "sha512-6vRvRqJatDB+JUQsb+UswYmtBGQnSZcqC3a2y6H5DB/v5KcIh+6nFFtc17G0+3W9rxdk7k9M4KkgkdKf/YDNoQ==",
      "dependencies": [
        "@atcute/lexicons",
        "@badrap/valita"
      ]
    },
    "@atcute/lexicons@1.1.1": {
      "integrity": "sha512-k6qy5p3j9fJJ6ekaMPfEfp3ni4TW/XNuH9ZmsuwC0fi0tOjp+Fa8ZQakHwnqOzFt/cVBfGcmYE/lKNAbeTjgUg==",
      "dependencies": [
        "esm-env"
      ]
    },
    "@badrap/valita@0.4.6": {
      "integrity": "sha512-4kdqcjyxo/8RQ8ayjms47HCWZIF5981oE5nIenbfThKDxWXtEHKipAOWlflpPJzZx9y/JWYQkp18Awr7VuepFg=="
    },
    "@types/node@24.2.0": {
      "integrity": "sha512-3xyG3pMCq3oYCNg7/ZP+E1ooTaGB4cG8JWRsqqOYQdbWNY4zbaV0Ennrd7stjiJEFZCaybcIgpTjJWHRfBSIDw==",
      "dependencies": [
        "undici-types"
      ]
    },
    "esm-env@1.2.2": {
      "integrity": "sha512-Epxrv+Nr/CaL4ZcFGPJIYLWFom+YeV1DqMLHJoEd9SYRxNbaFruBwfEX/kkHUJf55j2+TUbmDcmuilbP1TmXHA=="
    },
    "undici-types@7.10.0": {
      "integrity": "sha512-t5Fy/nfn+14LuOc2KNYg75vZqClpAiqscVvMygNnlsHBFpSXdJaYtXMcdNLpl/Qvc3P2cB3s6lOV51nqsFq4ag=="
    }
  },
  "workspace": {
    "dependencies": [
      "jsr:@std/cli@^1.0.23",
      "jsr:@std/expect@^1.0.17",
      "npm:@atcute/atproto@^3.1.4",
      "npm:@atcute/client@^4.0.3",
      "npm:@atcute/lexicons@^1.1.1"
    ]
  }
}
